
Microsoft Visual Studio Solution File, Format Version 12.00
# Visual Studio Version 17
VisualStudioVersion = 17.9.34723.18
MinimumVisualStudioVersion = 10.0.40219.1
Project("{FAE04EC0-301F-11D3-BF4B-00C04F79EFBC}") = "ChatApp", "ChatApp\ChatApp.csproj", "{C3BF7F36-A175-49C3-8CC7-DD5781C01877}"
EndProject
Global
	GlobalSection(SolutionConfigurationPlatforms) = preSolution
		Debug|Any CPU = Debug|Any CPU
		Release|Any CPU = Release|Any CPU
	EndGlobalSection
	GlobalSection(ProjectConfigurationPlatforms) = postSolution
		{C3BF7F36-A175-49C3-8CC7-DD5781C01877}.Debug|Any CPU.ActiveCfg = Debug|Any CPU
		{C3BF7F36-A175-49C3-8CC7-DD5781C01877}.Debug|Any CPU.Build.0 = Debug|Any CPU
		{C3BF7F36-A175-49C3-8CC7-DD5781C01877}.Release|Any CPU.ActiveCfg = Release|Any CPU
		{C3BF7F36-A175-49C3-8CC7-DD5781C01877}.Release|Any CPU.Build.0 = Release|Any CPU
	EndGlobalSection
	GlobalSection(SolutionProperties) = preSolution
		HideSolutionNode = FALSE
	EndGlobalSection
	GlobalSection(ExtensibilityGlobals) = postSolution
		SolutionGuid = {BE8D5833-344B-4793-AD28-6E9DB695E626}
	EndGlobalSection
EndGlobal
